# THIS IS AN AUTOGENERATED FILE. DO NOT EDIT THIS FILE DIRECTLY.
# yarn lockfile v1


howler@^2.2.0:
  version "2.2.0"
  resolved "https://registry.yarnpkg.com/howler/-/howler-2.2.0.tgz#0e2c780997ae65ab9a1a186333031beac1c63c6b"
  integrity sha512-sGPkrAQy7jh5mNDbkRNG0F82R2HFDYNsQXBcX4smXQT0y0F4UMsa/+jXaGwWvcrajWr2tDB7JUkH7G5qSnuIyQ==

paper@^0.12.7:
  version "0.12.7"
  resolved "https://registry.yarnpkg.com/paper/-/paper-0.12.7.tgz#d971ffc24164558ed6e913bef4110cfa17f6cba1"
  integrity sha512-vaSTibdFAp4aVfCXmetxnPYkoGPMDQA1JPFKPCL76RnNOCoTm36nTj4SsfjBMfVeUFr94sbMGnPEBKjQnHzd3w==
